
Microsoft Visual Studio Solution File, Format Version 12.00
# Visual Studio 14
VisualStudioVersion = 14.0.23107.0
MinimumVisualStudioVersion = 10.0.40219.1
Project("{FAE04EC0-301F-11D3-BF4B-00C04F79EFBC}") = "Entity.Framework.Warming", "Entity.Framework.Warming\Entity.Framework.Warming.csproj", "{C823FED7-A4CE-4FF3-8410-2718DC77898E}"
EndProject
Project("{FAE04EC0-301F-11D3-BF4B-00C04F79EFBC}") = "Entity.Framework.Warming.Model", "Entity.Framework.Warming.Model\Entity.Framework.Warming.Model.csproj", "{24B30DA5-178F-4491-A050-BD108BDCC816}"
EndProject
Global
	GlobalSection(SolutionConfigurationPlatforms) = preSolution
		Debug|Any CPU = Debug|Any CPU
		Release|Any CPU = Release|Any CPU
	EndGlobalSection
	GlobalSection(ProjectConfigurationPlatforms) = postSolution
		{C823FED7-A4CE-4FF3-8410-2718DC77898E}.Debug|Any CPU.ActiveCfg = Debug|Any CPU
		{C823FED7-A4CE-4FF3-8410-2718DC77898E}.Debug|Any CPU.Build.0 = Debug|Any CPU
		{C823FED7-A4CE-4FF3-8410-2718DC77898E}.Release|Any CPU.ActiveCfg = Release|Any CPU
		{C823FED7-A4CE-4FF3-8410-2718DC77898E}.Release|Any CPU.Build.0 = Release|Any CPU
		{24B30DA5-178F-4491-A050-BD108BDCC816}.Debug|Any CPU.ActiveCfg = Debug|Any CPU
		{24B30DA5-178F-4491-A050-BD108BDCC816}.Debug|Any CPU.Build.0 = Debug|Any CPU
		{24B30DA5-178F-4491-A050-BD108BDCC816}.Release|Any CPU.ActiveCfg = Release|Any CPU
		{24B30DA5-178F-4491-A050-BD108BDCC816}.Release|Any CPU.Build.0 = Release|Any CPU
	EndGlobalSection
	GlobalSection(SolutionProperties) = preSolution
		HideSolutionNode = FALSE
	EndGlobalSection
EndGlobal
