
Microsoft Visual Studio Solution File, Format Version 12.00
# Visual Studio 14
VisualStudioVersion = 14.0.23107.0
MinimumVisualStudioVersion = 10.0.40219.1
Project("{FAE04EC0-301F-11D3-BF4B-00C04F79EFBC}") = "Hello.World.Console", "Hello.World.Console\Hello.World.Console.csproj", "{F466C191-6676-4364-AFCB-BF3F86C830A8}"
EndProject
Project("{FAE04EC0-301F-11D3-BF4B-00C04F79EFBC}") = "Hello.World.Wcf", "Hello.World.Wcf\Hello.World.Wcf.csproj", "{7905C705-2C87-4CCD-BAA6-056CAF974F24}"
EndProject
Global
	GlobalSection(SolutionConfigurationPlatforms) = preSolution
		Debug|Any CPU = Debug|Any CPU
		Release|Any CPU = Release|Any CPU
	EndGlobalSection
	GlobalSection(ProjectConfigurationPlatforms) = postSolution
		{F466C191-6676-4364-AFCB-BF3F86C830A8}.Debug|Any CPU.ActiveCfg = Debug|Any CPU
		{F466C191-6676-4364-AFCB-BF3F86C830A8}.Debug|Any CPU.Build.0 = Debug|Any CPU
		{F466C191-6676-4364-AFCB-BF3F86C830A8}.Release|Any CPU.ActiveCfg = Release|Any CPU
		{F466C191-6676-4364-AFCB-BF3F86C830A8}.Release|Any CPU.Build.0 = Release|Any CPU
		{7905C705-2C87-4CCD-BAA6-056CAF974F24}.Debug|Any CPU.ActiveCfg = Debug|Any CPU
		{7905C705-2C87-4CCD-BAA6-056CAF974F24}.Debug|Any CPU.Build.0 = Debug|Any CPU
		{7905C705-2C87-4CCD-BAA6-056CAF974F24}.Release|Any CPU.ActiveCfg = Release|Any CPU
		{7905C705-2C87-4CCD-BAA6-056CAF974F24}.Release|Any CPU.Build.0 = Release|Any CPU
	EndGlobalSection
	GlobalSection(SolutionProperties) = preSolution
		HideSolutionNode = FALSE
	EndGlobalSection
EndGlobal
